
Microsoft Visual Studio Solution File, Format Version 12.00
# Visual Studio Version 16
VisualStudioVersion = 16.0.31424.327
MinimumVisualStudioVersion = 10.0.40219.1
Project("{9A19103F-16F7-4668-BE54-9A1E7A4F7556}") = "EverisStore.Api", "EverisStore\EverisStore.Api.csproj", "{12685062-3903-4D5A-AA32-A9E55E8674CD}"
EndProject
Project("{9A19103F-16F7-4668-BE54-9A1E7A4F7556}") = "EverisStore.Application", "EverisStore.Application\EverisStore.Application.csproj", "{5B806A25-008E-41FD-A62E-7289A0DB90A2}"
EndProject
Project("{FAE04EC0-301F-11D3-BF4B-00C04F79EFBC}") = "EverisStore.Domain", "EverisStore.Domain\EverisStore.Domain.csproj", "{A3205630-6366-4619-9DF4-1C441CF5CA9E}"
EndProject
Project("{FAE04EC0-301F-11D3-BF4B-00C04F79EFBC}") = "EverisStore.Data", "EverisStore.Data\EverisStore.Data.csproj", "{616DB584-4192-41AA-A0BB-F35CE41AFFFE}"
EndProject
Global
	GlobalSection(SolutionConfigurationPlatforms) = preSolution
		Debug|Any CPU = Debug|Any CPU
		Release|Any CPU = Release|Any CPU
	EndGlobalSection
	GlobalSection(ProjectConfigurationPlatforms) = postSolution
		{12685062-3903-4D5A-AA32-A9E55E8674CD}.Debug|Any CPU.ActiveCfg = Debug|Any CPU
		{12685062-3903-4D5A-AA32-A9E55E8674CD}.Debug|Any CPU.Build.0 = Debug|Any CPU
		{12685062-3903-4D5A-AA32-A9E55E8674CD}.Release|Any CPU.ActiveCfg = Release|Any CPU
		{12685062-3903-4D5A-AA32-A9E55E8674CD}.Release|Any CPU.Build.0 = Release|Any CPU
		{5B806A25-008E-41FD-A62E-7289A0DB90A2}.Debug|Any CPU.ActiveCfg = Debug|Any CPU
		{5B806A25-008E-41FD-A62E-7289A0DB90A2}.Debug|Any CPU.Build.0 = Debug|Any CPU
		{5B806A25-008E-41FD-A62E-7289A0DB90A2}.Release|Any CPU.ActiveCfg = Release|Any CPU
		{5B806A25-008E-41FD-A62E-7289A0DB90A2}.Release|Any CPU.Build.0 = Release|Any CPU
		{A3205630-6366-4619-9DF4-1C441CF5CA9E}.Debug|Any CPU.ActiveCfg = Debug|Any CPU
		{A3205630-6366-4619-9DF4-1C441CF5CA9E}.Debug|Any CPU.Build.0 = Debug|Any CPU
		{A3205630-6366-4619-9DF4-1C441CF5CA9E}.Release|Any CPU.ActiveCfg = Release|Any CPU
		{A3205630-6366-4619-9DF4-1C441CF5CA9E}.Release|Any CPU.Build.0 = Release|Any CPU
		{616DB584-4192-41AA-A0BB-F35CE41AFFFE}.Debug|Any CPU.ActiveCfg = Debug|Any CPU
		{616DB584-4192-41AA-A0BB-F35CE41AFFFE}.Debug|Any CPU.Build.0 = Debug|Any CPU
		{616DB584-4192-41AA-A0BB-F35CE41AFFFE}.Release|Any CPU.ActiveCfg = Release|Any CPU
		{616DB584-4192-41AA-A0BB-F35CE41AFFFE}.Release|Any CPU.Build.0 = Release|Any CPU
	EndGlobalSection
	GlobalSection(SolutionProperties) = preSolution
		HideSolutionNode = FALSE
	EndGlobalSection
	GlobalSection(ExtensibilityGlobals) = postSolution
		SolutionGuid = {1371FDFA-FC94-4A51-BD77-BD8EB034A2BE}
	EndGlobalSection
EndGlobal
